
Microsoft Visual Studio Solution File, Format Version 12.00
# Visual Studio 15
VisualStudioVersion = 15.0.28307.1022
MinimumVisualStudioVersion = 10.0.40219.1
Project("{FAE04EC0-301F-11D3-BF4B-00C04F79EFBC}") = "WEB_Auto", "WEB_Auto\WEB_Auto.csproj", "{F1F76958-326F-4B2A-8600-52E55DFCE789}"
EndProject
Global
	GlobalSection(SolutionConfigurationPlatforms) = preSolution
		Debug|Any CPU = Debug|Any CPU
		Release|Any CPU = Release|Any CPU
	EndGlobalSection
	GlobalSection(ProjectConfigurationPlatforms) = postSolution
		{F1F76958-326F-4B2A-8600-52E55DFCE789}.Debug|Any CPU.ActiveCfg = Debug|Any CPU
		{F1F76958-326F-4B2A-8600-52E55DFCE789}.Debug|Any CPU.Build.0 = Debug|Any CPU
		{F1F76958-326F-4B2A-8600-52E55DFCE789}.Release|Any CPU.ActiveCfg = Release|Any CPU
		{F1F76958-326F-4B2A-8600-52E55DFCE789}.Release|Any CPU.Build.0 = Release|Any CPU
	EndGlobalSection
	GlobalSection(SolutionProperties) = preSolution
		HideSolutionNode = FALSE
	EndGlobalSection
	GlobalSection(ExtensibilityGlobals) = postSolution
		SolutionGuid = {54F9471B-FF5E-41AD-B08D-B44383DFD35A}
	EndGlobalSection
EndGlobal
